
Microsoft Visual Studio Solution File, Format Version 12.00
# Visual Studio Version 16
VisualStudioVersion = 16.0.29721.120
MinimumVisualStudioVersion = 10.0.40219.1
Project("{FAE04EC0-301F-11D3-BF4B-00C04F79EFBC}") = "TravelExpenses.Common", "TravelExpenses.Common\TravelExpenses.Common.csproj", "{F116F03E-5459-475F-8E6E-3233EE731600}"
EndProject
Project("{FAE04EC0-301F-11D3-BF4B-00C04F79EFBC}") = "TravelExpenses.Web", "TravelExpenses.Web\TravelExpenses.Web.csproj", "{08874C9E-3F85-432F-9A40-145BD6E4CFAC}"
EndProject
Project("{FAE04EC0-301F-11D3-BF4B-00C04F79EFBC}") = "TravelExpenses.Prism", "TravelExpenses.Prism\TravelExpenses.Prism\TravelExpenses.Prism.csproj", "{14DFF489-EDD3-4125-B46E-962A39FCCB5E}"
EndProject
Project("{FAE04EC0-301F-11D3-BF4B-00C04F79EFBC}") = "TravelExpenses.Prism.Android", "TravelExpenses.Prism\TravelExpenses.Prism.Android\TravelExpenses.Prism.Android.csproj", "{F89DD851-7D14-44E0-A96F-70F60C71AB50}"
EndProject
Project("{FAE04EC0-301F-11D3-BF4B-00C04F79EFBC}") = "TravelExpenses.Prism.iOS", "TravelExpenses.Prism\TravelExpenses.Prism.iOS\TravelExpenses.Prism.iOS.csproj", "{700B9899-FB08-480D-A3EB-86D333213DD3}"
EndProject
Project("{FAE04EC0-301F-11D3-BF4B-00C04F79EFBC}") = "TravelExpenses.Cross.Android", "TravelExpenses.Cross.Android\TravelExpenses.Cross.Android.csproj", "{1144E139-5C40-4F0C-A613-A629BF75AD0E}"
EndProject
Project("{FAE04EC0-301F-11D3-BF4B-00C04F79EFBC}") = "TravelExpenses.Cross.iOS", "TravelExpenses.Cross.iOS\TravelExpenses.Cross.iOS.csproj", "{05BE3FEF-DDE0-45A5-948F-25F2EC9B90B1}"
EndProject
Global
	GlobalSection(SolutionConfigurationPlatforms) = preSolution
		Ad-Hoc|Any CPU = Ad-Hoc|Any CPU
		Ad-Hoc|iPhone = Ad-Hoc|iPhone
		Ad-Hoc|iPhoneSimulator = Ad-Hoc|iPhoneSimulator
		AppStore|Any CPU = AppStore|Any CPU
		AppStore|iPhone = AppStore|iPhone
		AppStore|iPhoneSimulator = AppStore|iPhoneSimulator
		Debug|Any CPU = Debug|Any CPU
		Debug|iPhone = Debug|iPhone
		Debug|iPhoneSimulator = Debug|iPhoneSimulator
		Release|Any CPU = Release|Any CPU
		Release|iPhone = Release|iPhone
		Release|iPhoneSimulator = Release|iPhoneSimulator
	EndGlobalSection
	GlobalSection(ProjectConfigurationPlatforms) = postSolution
		{F116F03E-5459-475F-8E6E-3233EE731600}.Ad-Hoc|Any CPU.ActiveCfg = Debug|Any CPU
		{F116F03E-5459-475F-8E6E-3233EE731600}.Ad-Hoc|Any CPU.Build.0 = Debug|Any CPU
		{F116F03E-5459-475F-8E6E-3233EE731600}.Ad-Hoc|iPhone.ActiveCfg = Debug|Any CPU
		{F116F03E-5459-475F-8E6E-3233EE731600}.Ad-Hoc|iPhone.Build.0 = Debug|Any CPU
		{F116F03E-5459-475F-8E6E-3233EE731600}.Ad-Hoc|iPhoneSimulator.ActiveCfg = Debug|Any CPU
		{F116F03E-5459-475F-8E6E-3233EE731600}.Ad-Hoc|iPhoneSimulator.Build.0 = Debug|Any CPU
		{F116F03E-5459-475F-8E6E-3233EE731600}.AppStore|Any CPU.ActiveCfg = Debug|Any CPU
		{F116F03E-5459-475F-8E6E-3233EE731600}.AppStore|Any CPU.Build.0 = Debug|Any CPU
		{F116F03E-5459-475F-8E6E-3233EE731600}.AppStore|iPhone.ActiveCfg = Debug|Any CPU
		{F116F03E-5459-475F-8E6E-3233EE731600}.AppStore|iPhone.Build.0 = Debug|Any CPU
		{F116F03E-5459-475F-8E6E-3233EE731600}.AppStore|iPhoneSimulator.ActiveCfg = Debug|Any CPU
		{F116F03E-5459-475F-8E6E-3233EE731600}.AppStore|iPhoneSimulator.Build.0 = Debug|Any CPU
		{F116F03E-5459-475F-8E6E-3233EE731600}.Debug|Any CPU.ActiveCfg = Debug|Any CPU
		{F116F03E-5459-475F-8E6E-3233EE731600}.Debug|Any CPU.Build.0 = Debug|Any CPU
		{F116F03E-5459-475F-8E6E-3233EE731600}.Debug|iPhone.ActiveCfg = Debug|Any CPU
		{F116F03E-5459-475F-8E6E-3233EE731600}.Debug|iPhone.Build.0 = Debug|Any CPU
		{F116F03E-5459-475F-8E6E-3233EE731600}.Debug|iPhoneSimulator.ActiveCfg = Debug|Any CPU
		{F116F03E-5459-475F-8E6E-3233EE731600}.Debug|iPhoneSimulator.Build.0 = Debug|Any CPU
		{F116F03E-5459-475F-8E6E-3233EE731600}.Release|Any CPU.ActiveCfg = Release|Any CPU
		{F116F03E-5459-475F-8E6E-3233EE731600}.Release|Any CPU.Build.0 = Release|Any CPU
		{F116F03E-5459-475F-8E6E-3233EE731600}.Release|iPhone.ActiveCfg = Release|Any CPU
		{F116F03E-5459-475F-8E6E-3233EE731600}.Release|iPhone.Build.0 = Release|Any CPU
		{F116F03E-5459-475F-8E6E-3233EE731600}.Release|iPhoneSimulator.ActiveCfg = Release|Any CPU
		{F116F03E-5459-475F-8E6E-3233EE731600}.Release|iPhoneSimulator.Build.0 = Release|Any CPU
		{08874C9E-3F85-432F-9A40-145BD6E4CFAC}.Ad-Hoc|Any CPU.ActiveCfg = Debug|Any CPU
		{08874C9E-3F85-432F-9A40-145BD6E4CFAC}.Ad-Hoc|Any CPU.Build.0 = Debug|Any CPU
		{08874C9E-3F85-432F-9A40-145BD6E4CFAC}.Ad-Hoc|iPhone.ActiveCfg = Debug|Any CPU
		{08874C9E-3F85-432F-9A40-145BD6E4CFAC}.Ad-Hoc|iPhone.Build.0 = Debug|Any CPU
		{08874C9E-3F85-432F-9A40-145BD6E4CFAC}.Ad-Hoc|iPhoneSimulator.ActiveCfg = Debug|Any CPU
		{08874C9E-3F85-432F-9A40-145BD6E4CFAC}.Ad-Hoc|iPhoneSimulator.Build.0 = Debug|Any CPU
		{08874C9E-3F85-432F-9A40-145BD6E4CFAC}.AppStore|Any CPU.ActiveCfg = Debug|Any CPU
		{08874C9E-3F85-432F-9A40-145BD6E4CFAC}.AppStore|Any CPU.Build.0 = Debug|Any CPU
		{08874C9E-3F85-432F-9A40-145BD6E4CFAC}.AppStore|iPhone.ActiveCfg = Debug|Any CPU
		{08874C9E-3F85-432F-9A40-145BD6E4CFAC}.AppStore|iPhone.Build.0 = Debug|Any CPU
		{08874C9E-3F85-432F-9A40-145BD6E4CFAC}.AppStore|iPhoneSimulator.ActiveCfg = Debug|Any CPU
		{08874C9E-3F85-432F-9A40-145BD6E4CFAC}.AppStore|iPhoneSimulator.Build.0 = Debug|Any CPU
		{08874C9E-3F85-432F-9A40-145BD6E4CFAC}.Debug|Any CPU.ActiveCfg = Debug|Any CPU
		{08874C9E-3F85-432F-9A40-145BD6E4CFAC}.Debug|Any CPU.Build.0 = Debug|Any CPU
		{08874C9E-3F85-432F-9A40-145BD6E4CFAC}.Debug|iPhone.ActiveCfg = Debug|Any CPU
		{08874C9E-3F85-432F-9A40-145BD6E4CFAC}.Debug|iPhone.Build.0 = Debug|Any CPU
		{08874C9E-3F85-432F-9A40-145BD6E4CFAC}.Debug|iPhoneSimulator.ActiveCfg = Debug|Any CPU
		{08874C9E-3F85-432F-9A40-145BD6E4CFAC}.Debug|iPhoneSimulator.Build.0 = Debug|Any CPU
		{08874C9E-3F85-432F-9A40-145BD6E4CFAC}.Release|Any CPU.ActiveCfg = Release|Any CPU
		{08874C9E-3F85-432F-9A40-145BD6E4CFAC}.Release|Any CPU.Build.0 = Release|Any CPU
		{08874C9E-3F85-432F-9A40-145BD6E4CFAC}.Release|iPhone.ActiveCfg = Release|Any CPU
		{08874C9E-3F85-432F-9A40-145BD6E4CFAC}.Release|iPhone.Build.0 = Release|Any CPU
		{08874C9E-3F85-432F-9A40-145BD6E4CFAC}.Release|iPhoneSimulator.ActiveCfg = Release|Any CPU
		{08874C9E-3F85-432F-9A40-145BD6E4CFAC}.Release|iPhoneSimulator.Build.0 = Release|Any CPU
		{14DFF489-EDD3-4125-B46E-962A39FCCB5E}.Ad-Hoc|Any CPU.ActiveCfg = Debug|Any CPU
		{14DFF489-EDD3-4125-B46E-962A39FCCB5E}.Ad-Hoc|Any CPU.Build.0 = Debug|Any CPU
		{14DFF489-EDD3-4125-B46E-962A39FCCB5E}.Ad-Hoc|iPhone.ActiveCfg = Debug|Any CPU
		{14DFF489-EDD3-4125-B46E-962A39FCCB5E}.Ad-Hoc|iPhone.Build.0 = Debug|Any CPU
		{14DFF489-EDD3-4125-B46E-962A39FCCB5E}.Ad-Hoc|iPhoneSimulator.ActiveCfg = Debug|Any CPU
		{14DFF489-EDD3-4125-B46E-962A39FCCB5E}.Ad-Hoc|iPhoneSimulator.Build.0 = Debug|Any CPU
		{14DFF489-EDD3-4125-B46E-962A39FCCB5E}.AppStore|Any CPU.ActiveCfg = Debug|Any CPU
		{14DFF489-EDD3-4125-B46E-962A39FCCB5E}.AppStore|Any CPU.Build.0 = Debug|Any CPU
		{14DFF489-EDD3-4125-B46E-962A39FCCB5E}.AppStore|iPhone.ActiveCfg = Debug|Any CPU
		{14DFF489-EDD3-4125-B46E-962A39FCCB5E}.AppStore|iPhone.Build.0 = Debug|Any CPU
		{14DFF489-EDD3-4125-B46E-962A39FCCB5E}.AppStore|iPhoneSimulator.ActiveCfg = Debug|Any CPU
		{14DFF489-EDD3-4125-B46E-962A39FCCB5E}.AppStore|iPhoneSimulator.Build.0 = Debug|Any CPU
		{14DFF489-EDD3-4125-B46E-962A39FCCB5E}.Debug|Any CPU.ActiveCfg = Debug|Any CPU
		{14DFF489-EDD3-4125-B46E-962A39FCCB5E}.Debug|Any CPU.Build.0 = Debug|Any CPU
		{14DFF489-EDD3-4125-B46E-962A39FCCB5E}.Debug|iPhone.ActiveCfg = Debug|Any CPU
		{14DFF489-EDD3-4125-B46E-962A39FCCB5E}.Debug|iPhone.Build.0 = Debug|Any CPU
		{14DFF489-EDD3-4125-B46E-962A39FCCB5E}.Debug|iPhoneSimulator.ActiveCfg = Debug|Any CPU
		{14DFF489-EDD3-4125-B46E-962A39FCCB5E}.Debug|iPhoneSimulator.Build.0 = Debug|Any CPU
		{14DFF489-EDD3-4125-B46E-962A39FCCB5E}.Release|Any CPU.ActiveCfg = Release|Any CPU
		{14DFF489-EDD3-4125-B46E-962A39FCCB5E}.Release|Any CPU.Build.0 = Release|Any CPU
		{14DFF489-EDD3-4125-B46E-962A39FCCB5E}.Release|iPhone.ActiveCfg = Release|Any CPU
		{14DFF489-EDD3-4125-B46E-962A39FCCB5E}.Release|iPhone.Build.0 = Release|Any CPU
		{14DFF489-EDD3-4125-B46E-962A39FCCB5E}.Release|iPhoneSimulator.ActiveCfg = Release|Any CPU
		{14DFF489-EDD3-4125-B46E-962A39FCCB5E}.Release|iPhoneSimulator.Build.0 = Release|Any CPU
		{F89DD851-7D14-44E0-A96F-70F60C71AB50}.Ad-Hoc|Any CPU.ActiveCfg = Release|Any CPU
		{F89DD851-7D14-44E0-A96F-70F60C71AB50}.Ad-Hoc|Any CPU.Build.0 = Release|Any CPU
		{F89DD851-7D14-44E0-A96F-70F60C71AB50}.Ad-Hoc|Any CPU.Deploy.0 = Release|Any CPU
		{F89DD851-7D14-44E0-A96F-70F60C71AB50}.Ad-Hoc|iPhone.ActiveCfg = Release|Any CPU
		{F89DD851-7D14-44E0-A96F-70F60C71AB50}.Ad-Hoc|iPhone.Build.0 = Release|Any CPU
		{F89DD851-7D14-44E0-A96F-70F60C71AB50}.Ad-Hoc|iPhone.Deploy.0 = Release|Any CPU
		{F89DD851-7D14-44E0-A96F-70F60C71AB50}.Ad-Hoc|iPhoneSimulator.ActiveCfg = Release|Any CPU
		{F89DD851-7D14-44E0-A96F-70F60C71AB50}.Ad-Hoc|iPhoneSimulator.Build.0 = Release|Any CPU
		{F89DD851-7D14-44E0-A96F-70F60C71AB50}.Ad-Hoc|iPhoneSimulator.Deploy.0 = Release|Any CPU
		{F89DD851-7D14-44E0-A96F-70F60C71AB50}.AppStore|Any CPU.ActiveCfg = Release|Any CPU
		{F89DD851-7D14-44E0-A96F-70F60C71AB50}.AppStore|Any CPU.Build.0 = Release|Any CPU
		{F89DD851-7D14-44E0-A96F-70F60C71AB50}.AppStore|Any CPU.Deploy.0 = Release|Any CPU
		{F89DD851-7D14-44E0-A96F-70F60C71AB50}.AppStore|iPhone.ActiveCfg = Release|Any CPU
		{F89DD851-7D14-44E0-A96F-70F60C71AB50}.AppStore|iPhone.Build.0 = Release|Any CPU
		{F89DD851-7D14-44E0-A96F-70F60C71AB50}.AppStore|iPhone.Deploy.0 = Release|Any CPU
		{F89DD851-7D14-44E0-A96F-70F60C71AB50}.AppStore|iPhoneSimulator.ActiveCfg = Release|Any CPU
		{F89DD851-7D14-44E0-A96F-70F60C71AB50}.AppStore|iPhoneSimulator.Build.0 = Release|Any CPU
		{F89DD851-7D14-44E0-A96F-70F60C71AB50}.AppStore|iPhoneSimulator.Deploy.0 = Release|Any CPU
		{F89DD851-7D14-44E0-A96F-70F60C71AB50}.Debug|Any CPU.ActiveCfg = Debug|Any CPU
		{F89DD851-7D14-44E0-A96F-70F60C71AB50}.Debug|Any CPU.Build.0 = Debug|Any CPU
		{F89DD851-7D14-44E0-A96F-70F60C71AB50}.Debug|Any CPU.Deploy.0 = Debug|Any CPU
		{F89DD851-7D14-44E0-A96F-70F60C71AB50}.Debug|iPhone.ActiveCfg = Debug|Any CPU
		{F89DD851-7D14-44E0-A96F-70F60C71AB50}.Debug|iPhone.Build.0 = Debug|Any CPU
		{F89DD851-7D14-44E0-A96F-70F60C71AB50}.Debug|iPhone.Deploy.0 = Debug|Any CPU
		{F89DD851-7D14-44E0-A96F-70F60C71AB50}.Debug|iPhoneSimulator.ActiveCfg = Debug|Any CPU
		{F89DD851-7D14-44E0-A96F-70F60C71AB50}.Debug|iPhoneSimulator.Build.0 = Debug|Any CPU
		{F89DD851-7D14-44E0-A96F-70F60C71AB50}.Debug|iPhoneSimulator.Deploy.0 = Debug|Any CPU
		{F89DD851-7D14-44E0-A96F-70F60C71AB50}.Release|Any CPU.ActiveCfg = Release|Any CPU
		{F89DD851-7D14-44E0-A96F-70F60C71AB50}.Release|Any CPU.Build.0 = Release|Any CPU
		{F89DD851-7D14-44E0-A96F-70F60C71AB50}.Release|Any CPU.Deploy.0 = Release|Any CPU
		{F89DD851-7D14-44E0-A96F-70F60C71AB50}.Release|iPhone.ActiveCfg = Release|Any CPU
		{F89DD851-7D14-44E0-A96F-70F60C71AB50}.Release|iPhone.Build.0 = Release|Any CPU
		{F89DD851-7D14-44E0-A96F-70F60C71AB50}.Release|iPhone.Deploy.0 = Release|Any CPU
		{F89DD851-7D14-44E0-A96F-70F60C71AB50}.Release|iPhoneSimulator.ActiveCfg = Release|Any CPU
		{F89DD851-7D14-44E0-A96F-70F60C71AB50}.Release|iPhoneSimulator.Build.0 = Release|Any CPU
		{F89DD851-7D14-44E0-A96F-70F60C71AB50}.Release|iPhoneSimulator.Deploy.0 = Release|Any CPU
		{700B9899-FB08-480D-A3EB-86D333213DD3}.Ad-Hoc|Any CPU.ActiveCfg = Ad-Hoc|iPhone
		{700B9899-FB08-480D-A3EB-86D333213DD3}.Ad-Hoc|iPhone.ActiveCfg = Ad-Hoc|iPhone
		{700B9899-FB08-480D-A3EB-86D333213DD3}.Ad-Hoc|iPhone.Build.0 = Ad-Hoc|iPhone
		{700B9899-FB08-480D-A3EB-86D333213DD3}.Ad-Hoc|iPhoneSimulator.ActiveCfg = Ad-Hoc|iPhoneSimulator
		{700B9899-FB08-480D-A3EB-86D333213DD3}.Ad-Hoc|iPhoneSimulator.Build.0 = Ad-Hoc|iPhoneSimulator
		{700B9899-FB08-480D-A3EB-86D333213DD3}.AppStore|Any CPU.ActiveCfg = AppStore|iPhone
		{700B9899-FB08-480D-A3EB-86D333213DD3}.AppStore|iPhone.ActiveCfg = AppStore|iPhone
		{700B9899-FB08-480D-A3EB-86D333213DD3}.AppStore|iPhone.Build.0 = AppStore|iPhone
		{700B9899-FB08-480D-A3EB-86D333213DD3}.AppStore|iPhoneSimulator.ActiveCfg = AppStore|iPhoneSimulator
		{700B9899-FB08-480D-A3EB-86D333213DD3}.AppStore|iPhoneSimulator.Build.0 = AppStore|iPhoneSimulator
		{700B9899-FB08-480D-A3EB-86D333213DD3}.Debug|Any CPU.ActiveCfg = Debug|iPhone
		{700B9899-FB08-480D-A3EB-86D333213DD3}.Debug|iPhone.ActiveCfg = Debug|iPhone
		{700B9899-FB08-480D-A3EB-86D333213DD3}.Debug|iPhone.Build.0 = Debug|iPhone
		{700B9899-FB08-480D-A3EB-86D333213DD3}.Debug|iPhoneSimulator.ActiveCfg = Debug|iPhoneSimulator
		{700B9899-FB08-480D-A3EB-86D333213DD3}.Debug|iPhoneSimulator.Build.0 = Debug|iPhoneSimulator
		{700B9899-FB08-480D-A3EB-86D333213DD3}.Release|Any CPU.ActiveCfg = Release|iPhone
		{700B9899-FB08-480D-A3EB-86D333213DD3}.Release|iPhone.ActiveCfg = Release|iPhone
		{700B9899-FB08-480D-A3EB-86D333213DD3}.Release|iPhone.Build.0 = Release|iPhone
		{700B9899-FB08-480D-A3EB-86D333213DD3}.Release|iPhoneSimulator.ActiveCfg = Release|iPhoneSimulator
		{700B9899-FB08-480D-A3EB-86D333213DD3}.Release|iPhoneSimulator.Build.0 = Release|iPhoneSimulator
		{1144E139-5C40-4F0C-A613-A629BF75AD0E}.Ad-Hoc|Any CPU.ActiveCfg = Release|Any CPU
		{1144E139-5C40-4F0C-A613-A629BF75AD0E}.Ad-Hoc|Any CPU.Build.0 = Release|Any CPU
		{1144E139-5C40-4F0C-A613-A629BF75AD0E}.Ad-Hoc|Any CPU.Deploy.0 = Release|Any CPU
		{1144E139-5C40-4F0C-A613-A629BF75AD0E}.Ad-Hoc|iPhone.ActiveCfg = Release|Any CPU
		{1144E139-5C40-4F0C-A613-A629BF75AD0E}.Ad-Hoc|iPhone.Build.0 = Release|Any CPU
		{1144E139-5C40-4F0C-A613-A629BF75AD0E}.Ad-Hoc|iPhone.Deploy.0 = Release|Any CPU
		{1144E139-5C40-4F0C-A613-A629BF75AD0E}.Ad-Hoc|iPhoneSimulator.ActiveCfg = Release|Any CPU
		{1144E139-5C40-4F0C-A613-A629BF75AD0E}.Ad-Hoc|iPhoneSimulator.Build.0 = Release|Any CPU
		{1144E139-5C40-4F0C-A613-A629BF75AD0E}.Ad-Hoc|iPhoneSimulator.Deploy.0 = Release|Any CPU
		{1144E139-5C40-4F0C-A613-A629BF75AD0E}.AppStore|Any CPU.ActiveCfg = Release|Any CPU
		{1144E139-5C40-4F0C-A613-A629BF75AD0E}.AppStore|Any CPU.Build.0 = Release|Any CPU
		{1144E139-5C40-4F0C-A613-A629BF75AD0E}.AppStore|Any CPU.Deploy.0 = Release|Any CPU
		{1144E139-5C40-4F0C-A613-A629BF75AD0E}.AppStore|iPhone.ActiveCfg = Release|Any CPU
		{1144E139-5C40-4F0C-A613-A629BF75AD0E}.AppStore|iPhone.Build.0 = Release|Any CPU
		{1144E139-5C40-4F0C-A613-A629BF75AD0E}.AppStore|iPhone.Deploy.0 = Release|Any CPU
		{1144E139-5C40-4F0C-A613-A629BF75AD0E}.AppStore|iPhoneSimulator.ActiveCfg = Release|Any CPU
		{1144E139-5C40-4F0C-A613-A629BF75AD0E}.AppStore|iPhoneSimulator.Build.0 = Release|Any CPU
		{1144E139-5C40-4F0C-A613-A629BF75AD0E}.AppStore|iPhoneSimulator.Deploy.0 = Release|Any CPU
		{1144E139-5C40-4F0C-A613-A629BF75AD0E}.Debug|Any CPU.ActiveCfg = Debug|Any CPU
		{1144E139-5C40-4F0C-A613-A629BF75AD0E}.Debug|Any CPU.Build.0 = Debug|Any CPU
		{1144E139-5C40-4F0C-A613-A629BF75AD0E}.Debug|Any CPU.Deploy.0 = Debug|Any CPU
		{1144E139-5C40-4F0C-A613-A629BF75AD0E}.Debug|iPhone.ActiveCfg = Debug|Any CPU
		{1144E139-5C40-4F0C-A613-A629BF75AD0E}.Debug|iPhone.Build.0 = Debug|Any CPU
		{1144E139-5C40-4F0C-A613-A629BF75AD0E}.Debug|iPhone.Deploy.0 = Debug|Any CPU
		{1144E139-5C40-4F0C-A613-A629BF75AD0E}.Debug|iPhoneSimulator.ActiveCfg = Debug|Any CPU
		{1144E139-5C40-4F0C-A613-A629BF75AD0E}.Debug|iPhoneSimulator.Build.0 = Debug|Any CPU
		{1144E139-5C40-4F0C-A613-A629BF75AD0E}.Debug|iPhoneSimulator.Deploy.0 = Debug|Any CPU
		{1144E139-5C40-4F0C-A613-A629BF75AD0E}.Release|Any CPU.ActiveCfg = Release|Any CPU
		{1144E139-5C40-4F0C-A613-A629BF75AD0E}.Release|Any CPU.Build.0 = Release|Any CPU
		{1144E139-5C40-4F0C-A613-A629BF75AD0E}.Release|Any CPU.Deploy.0 = Release|Any CPU
		{1144E139-5C40-4F0C-A613-A629BF75AD0E}.Release|iPhone.ActiveCfg = Release|Any CPU
		{1144E139-5C40-4F0C-A613-A629BF75AD0E}.Release|iPhone.Build.0 = Release|Any CPU
		{1144E139-5C40-4F0C-A613-A629BF75AD0E}.Release|iPhone.Deploy.0 = Release|Any CPU
		{1144E139-5C40-4F0C-A613-A629BF75AD0E}.Release|iPhoneSimulator.ActiveCfg = Release|Any CPU
		{1144E139-5C40-4F0C-A613-A629BF75AD0E}.Release|iPhoneSimulator.Build.0 = Release|Any CPU
		{1144E139-5C40-4F0C-A613-A629BF75AD0E}.Release|iPhoneSimulator.Deploy.0 = Release|Any CPU
		{05BE3FEF-DDE0-45A5-948F-25F2EC9B90B1}.Ad-Hoc|Any CPU.ActiveCfg = Release|iPhone
		{05BE3FEF-DDE0-45A5-948F-25F2EC9B90B1}.Ad-Hoc|Any CPU.Build.0 = Release|iPhone
		{05BE3FEF-DDE0-45A5-948F-25F2EC9B90B1}.Ad-Hoc|iPhone.ActiveCfg = Release|iPhone
		{05BE3FEF-DDE0-45A5-948F-25F2EC9B90B1}.Ad-Hoc|iPhone.Build.0 = Release|iPhone
		{05BE3FEF-DDE0-45A5-948F-25F2EC9B90B1}.Ad-Hoc|iPhoneSimulator.ActiveCfg = Release|iPhoneSimulator
		{05BE3FEF-DDE0-45A5-948F-25F2EC9B90B1}.Ad-Hoc|iPhoneSimulator.Build.0 = Release|iPhoneSimulator
		{05BE3FEF-DDE0-45A5-948F-25F2EC9B90B1}.AppStore|Any CPU.ActiveCfg = Release|iPhone
		{05BE3FEF-DDE0-45A5-948F-25F2EC9B90B1}.AppStore|Any CPU.Build.0 = Release|iPhone
		{05BE3FEF-DDE0-45A5-948F-25F2EC9B90B1}.AppStore|iPhone.ActiveCfg = Release|iPhone
		{05BE3FEF-DDE0-45A5-948F-25F2EC9B90B1}.AppStore|iPhone.Build.0 = Release|iPhone
		{05BE3FEF-DDE0-45A5-948F-25F2EC9B90B1}.AppStore|iPhoneSimulator.ActiveCfg = Release|iPhoneSimulator
		{05BE3FEF-DDE0-45A5-948F-25F2EC9B90B1}.AppStore|iPhoneSimulator.Build.0 = Release|iPhoneSimulator
		{05BE3FEF-DDE0-45A5-948F-25F2EC9B90B1}.Debug|Any CPU.ActiveCfg = Debug|iPhone
		{05BE3FEF-DDE0-45A5-948F-25F2EC9B90B1}.Debug|iPhone.ActiveCfg = Debug|iPhone
		{05BE3FEF-DDE0-45A5-948F-25F2EC9B90B1}.Debug|iPhone.Build.0 = Debug|iPhone
		{05BE3FEF-DDE0-45A5-948F-25F2EC9B90B1}.Debug|iPhoneSimulator.ActiveCfg = Debug|iPhoneSimulator
		{05BE3FEF-DDE0-45A5-948F-25F2EC9B90B1}.Debug|iPhoneSimulator.Build.0 = Debug|iPhoneSimulator
		{05BE3FEF-DDE0-45A5-948F-25F2EC9B90B1}.Release|Any CPU.ActiveCfg = Release|iPhone
		{05BE3FEF-DDE0-45A5-948F-25F2EC9B90B1}.Release|iPhone.ActiveCfg = Release|iPhone
		{05BE3FEF-DDE0-45A5-948F-25F2EC9B90B1}.Release|iPhone.Build.0 = Release|iPhone
		{05BE3FEF-DDE0-45A5-948F-25F2EC9B90B1}.Release|iPhoneSimulator.ActiveCfg = Release|iPhoneSimulator
		{05BE3FEF-DDE0-45A5-948F-25F2EC9B90B1}.Release|iPhoneSimulator.Build.0 = Release|iPhoneSimulator
	EndGlobalSection
	GlobalSection(SolutionProperties) = preSolution
		HideSolutionNode = FALSE
	EndGlobalSection
	GlobalSection(ExtensibilityGlobals) = postSolution
		SolutionGuid = {BDBCEEAD-AA9C-4EAF-A6F5-55DBA0B0D3A0}
	EndGlobalSection
EndGlobal
